
Microsoft Visual Studio Solution File, Format Version 12.00
# Visual Studio Version 17
VisualStudioVersion = 17.2.32505.173
MinimumVisualStudioVersion = 10.0.40219.1
Project("{FAE04EC0-301F-11D3-BF4B-00C04F79EFBC}") = "curso.API", "curso.API.csproj", "{1489CBBD-D8A0-433D-A426-71D7ACE7834D}"
EndProject
Global
	GlobalSection(SolutionConfigurationPlatforms) = preSolution
		Debug|Any CPU = Debug|Any CPU
		Release|Any CPU = Release|Any CPU
	EndGlobalSection
	GlobalSection(ProjectConfigurationPlatforms) = postSolution
		{1489CBBD-D8A0-433D-A426-71D7ACE7834D}.Debug|Any CPU.ActiveCfg = Debug|Any CPU
		{1489CBBD-D8A0-433D-A426-71D7ACE7834D}.Debug|Any CPU.Build.0 = Debug|Any CPU
		{1489CBBD-D8A0-433D-A426-71D7ACE7834D}.Release|Any CPU.ActiveCfg = Release|Any CPU
		{1489CBBD-D8A0-433D-A426-71D7ACE7834D}.Release|Any CPU.Build.0 = Release|Any CPU
	EndGlobalSection
	GlobalSection(SolutionProperties) = preSolution
		HideSolutionNode = FALSE
	EndGlobalSection
	GlobalSection(ExtensibilityGlobals) = postSolution
		SolutionGuid = {B48678A5-799A-4564-BF74-E043B84AA817}
	EndGlobalSection
EndGlobal
